
Microsoft Visual Studio Solution File, Format Version 12.00
# Visual Studio Version 17
VisualStudioVersion = 17.7.34031.279
MinimumVisualStudioVersion = 10.0.40219.1
Project("{2150E333-8FDC-42A3-9474-1A3956D46DE8}") = "Solution Items", "Solution Items", "{A3D75158-EE87-46DC-8324-FBEF22EAD108}"
	ProjectSection(SolutionItems) = preProject
		src\docker-compose.override.yml = src\docker-compose.override.yml
		src\docker-compose.yml = src\docker-compose.yml
		global.json = global.json
		README.md = README.md
	EndProjectSection
EndProject
Project("{2150E333-8FDC-42A3-9474-1A3956D46DE8}") = "src", "src", "{5AB85F9A-8E81-4028-8288-B9F50545C933}"
	ProjectSection(SolutionItems) = preProject
		src\docker-compose.override.yml = src\docker-compose.override.yml
		src\docker-compose.yml = src\docker-compose.yml
	EndProjectSection
EndProject
Project("{2150E333-8FDC-42A3-9474-1A3956D46DE8}") = "tests", "tests", "{EECD6DA7-0AB8-4AF0-8FB8-AA18DA6A2FDF}"
EndProject
Project("{2150E333-8FDC-42A3-9474-1A3956D46DE8}") = "ApiGateways", "ApiGateways", "{2BE71AA2-CC11-45A2-BBB7-C88CC03F588C}"
EndProject
Project("{2150E333-8FDC-42A3-9474-1A3956D46DE8}") = "Services", "Services", "{C826324E-0C8F-40D6-B712-2C2A7B0D00BA}"
EndProject
Project("{2150E333-8FDC-42A3-9474-1A3956D46DE8}") = "BuildingBlocks", "BuildingBlocks", "{CC08BE95-B4DE-46B9-B3E0-31B4CD473C66}"
EndProject
Project("{9A19103F-16F7-4668-BE54-9A1E7A4F7556}") = "Common.Logging", "src\BuildingBlocks\Common.Logging\Common.Logging.csproj", "{02B52860-EE80-4A82-81E6-1D20ABDF899D}"
EndProject
Project("{2150E333-8FDC-42A3-9474-1A3956D46DE8}") = "Product", "Product", "{C25C56C6-62FD-4944-870B-E9FC3CCB72F3}"
EndProject
Project("{2150E333-8FDC-42A3-9474-1A3956D46DE8}") = "Customer", "Customer", "{CF47CBF3-5F16-4E40-9E4C-2469E635513B}"
EndProject
Project("{2150E333-8FDC-42A3-9474-1A3956D46DE8}") = "Basket", "Basket", "{83142144-3ADF-41FB-87A2-891F8DBDDD09}"
EndProject
Project("{2150E333-8FDC-42A3-9474-1A3956D46DE8}") = "Ordering", "Ordering", "{5E2A9FEE-A25E-4F83-917B-2EAF1743E32D}"
EndProject
Project("{2150E333-8FDC-42A3-9474-1A3956D46DE8}") = "Inventory", "Inventory", "{AB55CB7A-2DF8-4F3C-8776-FB5E35FA73BE}"
EndProject
Project("{2150E333-8FDC-42A3-9474-1A3956D46DE8}") = "ScheduledJob", "ScheduledJob", "{D1A5895A-E353-4D05-9783-E3DD03FF12F8}"
EndProject
Project("{9A19103F-16F7-4668-BE54-9A1E7A4F7556}") = "Basket.API", "src\Services\Basket.API\Basket.API.csproj", "{34481DC6-80F4-42EA-BD8A-9C82E40DD58D}"
EndProject
Project("{9A19103F-16F7-4668-BE54-9A1E7A4F7556}") = "Customer.API", "src\Services\Customer.API\Customer.API.csproj", "{00FF1D72-8B88-4C05-9F84-223E2C9C9282}"
EndProject
Project("{9A19103F-16F7-4668-BE54-9A1E7A4F7556}") = "Product.API", "src\Services\Product.API\Product.API.csproj", "{66DBFA65-937E-450D-BAD2-6A3D33F4B449}"
EndProject
Project("{9A19103F-16F7-4668-BE54-9A1E7A4F7556}") = "Hangfire.API", "src\Services\Hangfire.API\Hangfire.API.csproj", "{E1D9B8D6-3D98-4D7B-8083-0BA563E70174}"
EndProject
Project("{9A19103F-16F7-4668-BE54-9A1E7A4F7556}") = "Contracts", "src\BuildingBlocks\Contracts\Contracts.csproj", "{918EACC8-8D72-4D25-BCD1-E4B16235BF6F}"
EndProject
Project("{9A19103F-16F7-4668-BE54-9A1E7A4F7556}") = "Infrastructure", "src\BuildingBlocks\Infrastructure\Infrastructure.csproj", "{C680E13A-933A-4BB3-BA98-EF602883831A}"
EndProject
Project("{9A19103F-16F7-4668-BE54-9A1E7A4F7556}") = "Shared", "src\BuildingBlocks\Shared\Shared.csproj", "{A70A9FCE-67FE-4A55-8186-7A6E878470EB}"
EndProject
Project("{9A19103F-16F7-4668-BE54-9A1E7A4F7556}") = "OcelotApiGw", "src\ApiGateways\OcelotApiGw\OcelotApiGw.csproj", "{EB6EAB10-1BDB-407C-9A16-2EA9E2B42465}"
EndProject
Project("{9A19103F-16F7-4668-BE54-9A1E7A4F7556}") = "Ordering.API", "src\Services\Ordering\Ordering.API\Ordering.API.csproj", "{E163FB76-F5AF-489B-807B-DCBA974EA7F0}"
EndProject
Project("{9A19103F-16F7-4668-BE54-9A1E7A4F7556}") = "Ordering.Application", "src\Services\Ordering\Ordering.Application\Ordering.Application.csproj", "{3C78EC96-FE2F-459A-9D3F-A63C7A0C0BBE}"
EndProject
Project("{9A19103F-16F7-4668-BE54-9A1E7A4F7556}") = "Ordering.Infrastructure", "src\Services\Ordering\Ordering.Infrastructure\Ordering.Infrastructure.csproj", "{2C971DF5-2B9E-41DB-BB58-64FD1FAB07BB}"
EndProject
Project("{9A19103F-16F7-4668-BE54-9A1E7A4F7556}") = "Ordering.Domain", "src\Services\Ordering\Ordering.Domain\Ordering.Domain.csproj", "{7C2CC8D7-7061-4267-8D24-FB0972D054B3}"
EndProject
Project("{2150E333-8FDC-42A3-9474-1A3956D46DE8}") = "EventBus", "EventBus", "{EFE917D3-C121-4FE4-B7BA-0644CC8DE2AD}"
EndProject
Project("{9A19103F-16F7-4668-BE54-9A1E7A4F7556}") = "EventBus.Messages", "src\BuildingBlocks\EventBus\EventBus.Messages\EventBus.Messages.csproj", "{33885439-9DE1-4183-B2A6-73F9158772EF}"
EndProject
Project("{9A19103F-16F7-4668-BE54-9A1E7A4F7556}") = "Inventory.Product.API", "src\Services\Inventory\Inventory.Product.API\Inventory.Product.API.csproj", "{E6EB9A03-B22A-4E1A-AADE-37FA4EEBFBD0}"
EndProject
Project("{9A19103F-16F7-4668-BE54-9A1E7A4F7556}") = "Inventory.Grpc", "src\Services\Inventory\Inventory.Grpc\Inventory.Grpc.csproj", "{126DC1EB-868C-4206-8503-2B3184DEEB6C}"
EndProject
Project("{2150E333-8FDC-42A3-9474-1A3956D46DE8}") = "WebApps", "WebApps", "{EC550258-41C5-464E-B1E7-FFAFA98A4351}"
EndProject
Project("{9A19103F-16F7-4668-BE54-9A1E7A4F7556}") = "WebHealthStatus", "src\WebApps\WebHealthStatus\WebHealthStatus.csproj", "{EE204346-C0AE-47FD-91B2-AE157E01472C}"
EndProject
Project("{2150E333-8FDC-42A3-9474-1A3956D46DE8}") = "Saga.Orchestrator", "Saga.Orchestrator", "{9B74DA8B-BB56-49C6-A327-DE9229048D92}"
EndProject
Project("{FAE04EC0-301F-11D3-BF4B-00C04F79EFBC}") = "Saga.Orchestrator", "src\Saga.Orchestrator\Saga.Orchestrator\Saga.Orchestrator.csproj", "{C63F3449-FEBC-449D-95D3-9D1CF056E4E6}"
EndProject
Global
	GlobalSection(SolutionConfigurationPlatforms) = preSolution
		Debug|Any CPU = Debug|Any CPU
		Release|Any CPU = Release|Any CPU
	EndGlobalSection
	GlobalSection(ProjectConfigurationPlatforms) = postSolution
		{02B52860-EE80-4A82-81E6-1D20ABDF899D}.Debug|Any CPU.ActiveCfg = Debug|Any CPU
		{02B52860-EE80-4A82-81E6-1D20ABDF899D}.Debug|Any CPU.Build.0 = Debug|Any CPU
		{02B52860-EE80-4A82-81E6-1D20ABDF899D}.Release|Any CPU.ActiveCfg = Release|Any CPU
		{02B52860-EE80-4A82-81E6-1D20ABDF899D}.Release|Any CPU.Build.0 = Release|Any CPU
		{34481DC6-80F4-42EA-BD8A-9C82E40DD58D}.Debug|Any CPU.ActiveCfg = Debug|Any CPU
		{34481DC6-80F4-42EA-BD8A-9C82E40DD58D}.Debug|Any CPU.Build.0 = Debug|Any CPU
		{34481DC6-80F4-42EA-BD8A-9C82E40DD58D}.Release|Any CPU.ActiveCfg = Release|Any CPU
		{34481DC6-80F4-42EA-BD8A-9C82E40DD58D}.Release|Any CPU.Build.0 = Release|Any CPU
		{00FF1D72-8B88-4C05-9F84-223E2C9C9282}.Debug|Any CPU.ActiveCfg = Debug|Any CPU
		{00FF1D72-8B88-4C05-9F84-223E2C9C9282}.Debug|Any CPU.Build.0 = Debug|Any CPU
		{00FF1D72-8B88-4C05-9F84-223E2C9C9282}.Release|Any CPU.ActiveCfg = Release|Any CPU
		{00FF1D72-8B88-4C05-9F84-223E2C9C9282}.Release|Any CPU.Build.0 = Release|Any CPU
		{66DBFA65-937E-450D-BAD2-6A3D33F4B449}.Debug|Any CPU.ActiveCfg = Debug|Any CPU
		{66DBFA65-937E-450D-BAD2-6A3D33F4B449}.Debug|Any CPU.Build.0 = Debug|Any CPU
		{66DBFA65-937E-450D-BAD2-6A3D33F4B449}.Release|Any CPU.ActiveCfg = Release|Any CPU
		{66DBFA65-937E-450D-BAD2-6A3D33F4B449}.Release|Any CPU.Build.0 = Release|Any CPU
		{E1D9B8D6-3D98-4D7B-8083-0BA563E70174}.Debug|Any CPU.ActiveCfg = Debug|Any CPU
		{E1D9B8D6-3D98-4D7B-8083-0BA563E70174}.Debug|Any CPU.Build.0 = Debug|Any CPU
		{E1D9B8D6-3D98-4D7B-8083-0BA563E70174}.Release|Any CPU.ActiveCfg = Release|Any CPU
		{E1D9B8D6-3D98-4D7B-8083-0BA563E70174}.Release|Any CPU.Build.0 = Release|Any CPU
		{918EACC8-8D72-4D25-BCD1-E4B16235BF6F}.Debug|Any CPU.ActiveCfg = Debug|Any CPU
		{918EACC8-8D72-4D25-BCD1-E4B16235BF6F}.Debug|Any CPU.Build.0 = Debug|Any CPU
		{918EACC8-8D72-4D25-BCD1-E4B16235BF6F}.Release|Any CPU.ActiveCfg = Release|Any CPU
		{918EACC8-8D72-4D25-BCD1-E4B16235BF6F}.Release|Any CPU.Build.0 = Release|Any CPU
		{C680E13A-933A-4BB3-BA98-EF602883831A}.Debug|Any CPU.ActiveCfg = Debug|Any CPU
		{C680E13A-933A-4BB3-BA98-EF602883831A}.Debug|Any CPU.Build.0 = Debug|Any CPU
		{C680E13A-933A-4BB3-BA98-EF602883831A}.Release|Any CPU.ActiveCfg = Release|Any CPU
		{C680E13A-933A-4BB3-BA98-EF602883831A}.Release|Any CPU.Build.0 = Release|Any CPU
		{A70A9FCE-67FE-4A55-8186-7A6E878470EB}.Debug|Any CPU.ActiveCfg = Debug|Any CPU
		{A70A9FCE-67FE-4A55-8186-7A6E878470EB}.Debug|Any CPU.Build.0 = Debug|Any CPU
		{A70A9FCE-67FE-4A55-8186-7A6E878470EB}.Release|Any CPU.ActiveCfg = Release|Any CPU
		{A70A9FCE-67FE-4A55-8186-7A6E878470EB}.Release|Any CPU.Build.0 = Release|Any CPU
		{EB6EAB10-1BDB-407C-9A16-2EA9E2B42465}.Debug|Any CPU.ActiveCfg = Debug|Any CPU
		{EB6EAB10-1BDB-407C-9A16-2EA9E2B42465}.Debug|Any CPU.Build.0 = Debug|Any CPU
		{EB6EAB10-1BDB-407C-9A16-2EA9E2B42465}.Release|Any CPU.ActiveCfg = Release|Any CPU
		{EB6EAB10-1BDB-407C-9A16-2EA9E2B42465}.Release|Any CPU.Build.0 = Release|Any CPU
		{E163FB76-F5AF-489B-807B-DCBA974EA7F0}.Debug|Any CPU.ActiveCfg = Debug|Any CPU
		{E163FB76-F5AF-489B-807B-DCBA974EA7F0}.Debug|Any CPU.Build.0 = Debug|Any CPU
		{E163FB76-F5AF-489B-807B-DCBA974EA7F0}.Release|Any CPU.ActiveCfg = Release|Any CPU
		{E163FB76-F5AF-489B-807B-DCBA974EA7F0}.Release|Any CPU.Build.0 = Release|Any CPU
		{3C78EC96-FE2F-459A-9D3F-A63C7A0C0BBE}.Debug|Any CPU.ActiveCfg = Debug|Any CPU
		{3C78EC96-FE2F-459A-9D3F-A63C7A0C0BBE}.Debug|Any CPU.Build.0 = Debug|Any CPU
		{3C78EC96-FE2F-459A-9D3F-A63C7A0C0BBE}.Release|Any CPU.ActiveCfg = Release|Any CPU
		{3C78EC96-FE2F-459A-9D3F-A63C7A0C0BBE}.Release|Any CPU.Build.0 = Release|Any CPU
		{2C971DF5-2B9E-41DB-BB58-64FD1FAB07BB}.Debug|Any CPU.ActiveCfg = Debug|Any CPU
		{2C971DF5-2B9E-41DB-BB58-64FD1FAB07BB}.Debug|Any CPU.Build.0 = Debug|Any CPU
		{2C971DF5-2B9E-41DB-BB58-64FD1FAB07BB}.Release|Any CPU.ActiveCfg = Release|Any CPU
		{2C971DF5-2B9E-41DB-BB58-64FD1FAB07BB}.Release|Any CPU.Build.0 = Release|Any CPU
		{7C2CC8D7-7061-4267-8D24-FB0972D054B3}.Debug|Any CPU.ActiveCfg = Debug|Any CPU
		{7C2CC8D7-7061-4267-8D24-FB0972D054B3}.Debug|Any CPU.Build.0 = Debug|Any CPU
		{7C2CC8D7-7061-4267-8D24-FB0972D054B3}.Release|Any CPU.ActiveCfg = Release|Any CPU
		{7C2CC8D7-7061-4267-8D24-FB0972D054B3}.Release|Any CPU.Build.0 = Release|Any CPU
		{33885439-9DE1-4183-B2A6-73F9158772EF}.Debug|Any CPU.ActiveCfg = Debug|Any CPU
		{33885439-9DE1-4183-B2A6-73F9158772EF}.Debug|Any CPU.Build.0 = Debug|Any CPU
		{33885439-9DE1-4183-B2A6-73F9158772EF}.Release|Any CPU.ActiveCfg = Release|Any CPU
		{33885439-9DE1-4183-B2A6-73F9158772EF}.Release|Any CPU.Build.0 = Release|Any CPU
		{E6EB9A03-B22A-4E1A-AADE-37FA4EEBFBD0}.Debug|Any CPU.ActiveCfg = Debug|Any CPU
		{E6EB9A03-B22A-4E1A-AADE-37FA4EEBFBD0}.Debug|Any CPU.Build.0 = Debug|Any CPU
		{E6EB9A03-B22A-4E1A-AADE-37FA4EEBFBD0}.Release|Any CPU.ActiveCfg = Release|Any CPU
		{E6EB9A03-B22A-4E1A-AADE-37FA4EEBFBD0}.Release|Any CPU.Build.0 = Release|Any CPU
		{126DC1EB-868C-4206-8503-2B3184DEEB6C}.Debug|Any CPU.ActiveCfg = Debug|Any CPU
		{126DC1EB-868C-4206-8503-2B3184DEEB6C}.Debug|Any CPU.Build.0 = Debug|Any CPU
		{126DC1EB-868C-4206-8503-2B3184DEEB6C}.Release|Any CPU.ActiveCfg = Release|Any CPU
		{126DC1EB-868C-4206-8503-2B3184DEEB6C}.Release|Any CPU.Build.0 = Release|Any CPU
		{EE204346-C0AE-47FD-91B2-AE157E01472C}.Debug|Any CPU.ActiveCfg = Debug|Any CPU
		{EE204346-C0AE-47FD-91B2-AE157E01472C}.Debug|Any CPU.Build.0 = Debug|Any CPU
		{EE204346-C0AE-47FD-91B2-AE157E01472C}.Release|Any CPU.ActiveCfg = Release|Any CPU
		{EE204346-C0AE-47FD-91B2-AE157E01472C}.Release|Any CPU.Build.0 = Release|Any CPU
		{C63F3449-FEBC-449D-95D3-9D1CF056E4E6}.Debug|Any CPU.ActiveCfg = Debug|Any CPU
		{C63F3449-FEBC-449D-95D3-9D1CF056E4E6}.Debug|Any CPU.Build.0 = Debug|Any CPU
		{C63F3449-FEBC-449D-95D3-9D1CF056E4E6}.Release|Any CPU.ActiveCfg = Release|Any CPU
		{C63F3449-FEBC-449D-95D3-9D1CF056E4E6}.Release|Any CPU.Build.0 = Release|Any CPU
	EndGlobalSection
	GlobalSection(SolutionProperties) = preSolution
		HideSolutionNode = FALSE
	EndGlobalSection
	GlobalSection(NestedProjects) = preSolution
		{2BE71AA2-CC11-45A2-BBB7-C88CC03F588C} = {5AB85F9A-8E81-4028-8288-B9F50545C933}
		{C826324E-0C8F-40D6-B712-2C2A7B0D00BA} = {5AB85F9A-8E81-4028-8288-B9F50545C933}
		{CC08BE95-B4DE-46B9-B3E0-31B4CD473C66} = {5AB85F9A-8E81-4028-8288-B9F50545C933}
		{02B52860-EE80-4A82-81E6-1D20ABDF899D} = {CC08BE95-B4DE-46B9-B3E0-31B4CD473C66}
		{C25C56C6-62FD-4944-870B-E9FC3CCB72F3} = {C826324E-0C8F-40D6-B712-2C2A7B0D00BA}
		{CF47CBF3-5F16-4E40-9E4C-2469E635513B} = {C826324E-0C8F-40D6-B712-2C2A7B0D00BA}
		{83142144-3ADF-41FB-87A2-891F8DBDDD09} = {C826324E-0C8F-40D6-B712-2C2A7B0D00BA}
		{5E2A9FEE-A25E-4F83-917B-2EAF1743E32D} = {C826324E-0C8F-40D6-B712-2C2A7B0D00BA}
		{AB55CB7A-2DF8-4F3C-8776-FB5E35FA73BE} = {C826324E-0C8F-40D6-B712-2C2A7B0D00BA}
		{D1A5895A-E353-4D05-9783-E3DD03FF12F8} = {C826324E-0C8F-40D6-B712-2C2A7B0D00BA}
		{34481DC6-80F4-42EA-BD8A-9C82E40DD58D} = {83142144-3ADF-41FB-87A2-891F8DBDDD09}
		{00FF1D72-8B88-4C05-9F84-223E2C9C9282} = {CF47CBF3-5F16-4E40-9E4C-2469E635513B}
		{66DBFA65-937E-450D-BAD2-6A3D33F4B449} = {C25C56C6-62FD-4944-870B-E9FC3CCB72F3}
		{E1D9B8D6-3D98-4D7B-8083-0BA563E70174} = {D1A5895A-E353-4D05-9783-E3DD03FF12F8}
		{918EACC8-8D72-4D25-BCD1-E4B16235BF6F} = {CC08BE95-B4DE-46B9-B3E0-31B4CD473C66}
		{C680E13A-933A-4BB3-BA98-EF602883831A} = {CC08BE95-B4DE-46B9-B3E0-31B4CD473C66}
		{A70A9FCE-67FE-4A55-8186-7A6E878470EB} = {CC08BE95-B4DE-46B9-B3E0-31B4CD473C66}
		{EB6EAB10-1BDB-407C-9A16-2EA9E2B42465} = {2BE71AA2-CC11-45A2-BBB7-C88CC03F588C}
		{E163FB76-F5AF-489B-807B-DCBA974EA7F0} = {5E2A9FEE-A25E-4F83-917B-2EAF1743E32D}
		{3C78EC96-FE2F-459A-9D3F-A63C7A0C0BBE} = {5E2A9FEE-A25E-4F83-917B-2EAF1743E32D}
		{2C971DF5-2B9E-41DB-BB58-64FD1FAB07BB} = {5E2A9FEE-A25E-4F83-917B-2EAF1743E32D}
		{7C2CC8D7-7061-4267-8D24-FB0972D054B3} = {5E2A9FEE-A25E-4F83-917B-2EAF1743E32D}
		{EFE917D3-C121-4FE4-B7BA-0644CC8DE2AD} = {CC08BE95-B4DE-46B9-B3E0-31B4CD473C66}
		{33885439-9DE1-4183-B2A6-73F9158772EF} = {EFE917D3-C121-4FE4-B7BA-0644CC8DE2AD}
		{E6EB9A03-B22A-4E1A-AADE-37FA4EEBFBD0} = {AB55CB7A-2DF8-4F3C-8776-FB5E35FA73BE}
		{126DC1EB-868C-4206-8503-2B3184DEEB6C} = {AB55CB7A-2DF8-4F3C-8776-FB5E35FA73BE}
		{EC550258-41C5-464E-B1E7-FFAFA98A4351} = {5AB85F9A-8E81-4028-8288-B9F50545C933}
		{EE204346-C0AE-47FD-91B2-AE157E01472C} = {EC550258-41C5-464E-B1E7-FFAFA98A4351}
		{9B74DA8B-BB56-49C6-A327-DE9229048D92} = {5AB85F9A-8E81-4028-8288-B9F50545C933}
		{C63F3449-FEBC-449D-95D3-9D1CF056E4E6} = {9B74DA8B-BB56-49C6-A327-DE9229048D92}
	EndGlobalSection
	GlobalSection(ExtensibilityGlobals) = postSolution
		SolutionGuid = {C832555D-2024-457D-BBAC-EDD04F9646C7}
	EndGlobalSection
EndGlobal
